{
  "name": "internetspeed",
  "version": "1.0.0",
  "lockfileVersion": 3,
  "requires": true,
  "packages": {
    "": {
      "name": "internetspeed",
      "version": "1.0.0",
      "license": "ISC",
      "dependencies": {
        "network-speed": "^2.1.1"
      }
    },
    "node_modules/network-speed": {
      "version": "2.1.1",
      "resolved": "https://registry.npmjs.org/network-speed/-/network-speed-2.1.1.tgz",
      "integrity": "sha512-NDr8h55toVE5Gy/CZI5nUAl+57DX1xl3PyhcXWacUiUttOJ2JsKkm5JzyVaoJ5psR9KUhi9y4EKc+atnWarkOg=="
    }
  }
}
